{
    "_meta": {
        "hash": {
            "sha256": "e6e49305bdee7cdd4605b8f6f7d0135cfe91e0c038abe6efdfa1784194ce3cdd"
        },
        "pipfile-spec": 6,
        "requires": {
            "python_version": "3.9"
        },
        "sources": [
            {
                "name": "pypi",
                "url": "https://pypi.org/simple",
                "verify_ssl": true
            }
        ]
    },
    "default": {},
    "develop": {}
}
